
Microsoft Visual Studio Solution File, Format Version 12.00
# Visual Studio 15
Project("{FAE04EC0-301F-11D3-BF4B-00C04F79EFBC}") = "UnityEngine.UI", "UnityEngine.UI.csproj", "{F5B07D97-D749-8660-818E-E0198DB203F0}"
EndProject
Project("{FAE04EC0-301F-11D3-BF4B-00C04F79EFBC}") = "Unity.RenderPipelines.Core.Runtime", "Unity.RenderPipelines.Core.Runtime.csproj", "{89962ECC-3676-F421-8526-65E901A8D98B}"
EndProject
Project("{FAE04EC0-301F-11D3-BF4B-00C04F79EFBC}") = "UnityEngine.TestRunner", "UnityEngine.TestRunner.csproj", "{10F2E369-4770-3CF1-BA16-70627FB81033}"
EndProject
Project("{FAE04EC0-301F-11D3-BF4B-00C04F79EFBC}") = "Unity.VisualScripting.Flow", "Unity.VisualScripting.Flow.csproj", "{E38D2A97-9C96-4F8A-6283-C3840633A991}"
EndProject
Project("{FAE04EC0-301F-11D3-BF4B-00C04F79EFBC}") = "Unity.Mathematics", "Unity.Mathematics.csproj", "{F41AE078-D3DC-DE7A-9A25-EEE6067798B6}"
EndProject
Project("{FAE04EC0-301F-11D3-BF4B-00C04F79EFBC}") = "Unity.Services.Core.Telemetry", "Unity.Services.Core.Telemetry.csproj", "{74CD9105-8205-A6FA-1F40-3E41D8C8B3BD}"
EndProject
Project("{FAE04EC0-301F-11D3-BF4B-00C04F79EFBC}") = "Unity.VisualScripting.State", "Unity.VisualScripting.State.csproj", "{9C1E6F24-E2E7-64AB-1B78-93928E91E798}"
EndProject
Project("{FAE04EC0-301F-11D3-BF4B-00C04F79EFBC}") = "Unity.VisualScripting.Core", "Unity.VisualScripting.Core.csproj", "{88E14693-D155-C3AD-D155-E6C37041BBC7}"
EndProject
Project("{FAE04EC0-301F-11D3-BF4B-00C04F79EFBC}") = "Unity.RenderPipelines.Universal.Runtime", "Unity.RenderPipelines.Universal.Runtime.csproj", "{BBE3DCD5-01F2-7245-6D20-C873B8E81D9F}"
EndProject
Project("{FAE04EC0-301F-11D3-BF4B-00C04F79EFBC}") = "UnityEngine.XR.LegacyInputHelpers", "UnityEngine.XR.LegacyInputHelpers.csproj", "{4FDB9BA0-FBC0-10D4-F244-1E370312DFA3}"
EndProject
Project("{FAE04EC0-301F-11D3-BF4B-00C04F79EFBC}") = "Unity.Services.Core.Environments.Internal", "Unity.Services.Core.Environments.Internal.csproj", "{10670079-06D5-9B0E-1964-0C4A40D917E3}"
EndProject
Project("{FAE04EC0-301F-11D3-BF4B-00C04F79EFBC}") = "Unity.Burst", "Unity.Burst.csproj", "{D969515B-0F21-F181-4BE5-B927D5C14BBD}"
EndProject
Project("{FAE04EC0-301F-11D3-BF4B-00C04F79EFBC}") = "Unity.TextMeshPro", "Unity.TextMeshPro.csproj", "{E3D3EE8F-C7E4-B1C1-2008-987F853E2CEE}"
EndProject
Project("{FAE04EC0-301F-11D3-BF4B-00C04F79EFBC}") = "Cinemachine", "Cinemachine.csproj", "{D188253A-5A92-B918-AE31-4D0FC2BBDC0A}"
EndProject
Project("{FAE04EC0-301F-11D3-BF4B-00C04F79EFBC}") = "Unity.Timeline", "Unity.Timeline.csproj", "{06C09CF2-0976-198A-6D9B-63A11AFC9A07}"
EndProject
Project("{FAE04EC0-301F-11D3-BF4B-00C04F79EFBC}") = "Unity.Services.Core", "Unity.Services.Core.csproj", "{B4F8D209-7502-55EC-2A63-4CFEC6B947B8}"
EndProject
Project("{FAE04EC0-301F-11D3-BF4B-00C04F79EFBC}") = "Unity.RenderPipeline.Universal.ShaderLibrary", "Unity.RenderPipeline.Universal.ShaderLibrary.csproj", "{41D92350-0B75-E85F-E685-1C8488118D21}"
EndProject
Project("{FAE04EC0-301F-11D3-BF4B-00C04F79EFBC}") = "Unity.Services.Core.Environments", "Unity.Services.Core.Environments.csproj", "{D7331680-F724-96B7-EE82-6488A34F6F60}"
EndProject
Project("{FAE04EC0-301F-11D3-BF4B-00C04F79EFBC}") = "Unity.Services.Core.Internal", "Unity.Services.Core.Internal.csproj", "{61CC1E1B-8A61-6FF5-CAC4-EC96E63DDD30}"
EndProject
Project("{FAE04EC0-301F-11D3-BF4B-00C04F79EFBC}") = "Unity.Services.Core.Analytics", "Unity.Services.Core.Analytics.csproj", "{4207C615-82CF-57AB-E738-CC4867989C3E}"
EndProject
Project("{FAE04EC0-301F-11D3-BF4B-00C04F79EFBC}") = "Assembly-CSharp", "Assembly-CSharp.csproj", "{9DAD38D5-441D-E13C-0411-F8D6671C9D92}"
EndProject
Project("{FAE04EC0-301F-11D3-BF4B-00C04F79EFBC}") = "Unity.Services.Core.Scheduler", "Unity.Services.Core.Scheduler.csproj", "{BD836E44-413C-956C-2D34-EB401E6493B3}"
EndProject
Project("{FAE04EC0-301F-11D3-BF4B-00C04F79EFBC}") = "Unity.Services.Core.Registration", "Unity.Services.Core.Registration.csproj", "{3BCC67C1-9B68-6DEE-AC2C-6B2E7C39BB44}"
EndProject
Project("{FAE04EC0-301F-11D3-BF4B-00C04F79EFBC}") = "Unity.Services.Core.Device", "Unity.Services.Core.Device.csproj", "{E5C4D8F4-8C32-FBA6-621C-996FE98F2010}"
EndProject
Project("{FAE04EC0-301F-11D3-BF4B-00C04F79EFBC}") = "Unity.Services.Core.Threading", "Unity.Services.Core.Threading.csproj", "{397FCD45-44A6-7033-CE5B-F54291C87846}"
EndProject
Project("{FAE04EC0-301F-11D3-BF4B-00C04F79EFBC}") = "Unity.Services.Core.Networking", "Unity.Services.Core.Networking.csproj", "{00F225D5-0F75-FE49-D2A7-048AD2251240}"
EndProject
Project("{FAE04EC0-301F-11D3-BF4B-00C04F79EFBC}") = "Unity.RenderPipelines.Core.ShaderLibrary", "Unity.RenderPipelines.Core.ShaderLibrary.csproj", "{CF635288-F492-DCE1-B8BD-9EEC3E1D9230}"
EndProject
Project("{FAE04EC0-301F-11D3-BF4B-00C04F79EFBC}") = "UnityEngine.SpatialTracking", "UnityEngine.SpatialTracking.csproj", "{881B15D4-A33D-3D68-A219-60F0AEA4A7B9}"
EndProject
Project("{FAE04EC0-301F-11D3-BF4B-00C04F79EFBC}") = "Unity.Services.Core.Configuration", "Unity.Services.Core.Configuration.csproj", "{9FA98858-8126-B0F8-F4F0-EA7CCBFC8704}"
EndProject
Project("{FAE04EC0-301F-11D3-BF4B-00C04F79EFBC}") = "Unity.RenderPipelines.Universal.Shaders", "Unity.RenderPipelines.Universal.Shaders.csproj", "{91FE2B72-8107-C80D-5298-E480663D47A3}"
EndProject
Project("{FAE04EC0-301F-11D3-BF4B-00C04F79EFBC}") = "Unity.RenderPipelines.ShaderGraph.ShaderGraphLibrary", "Unity.RenderPipelines.ShaderGraph.ShaderGraphLibrary.csproj", "{C13E5FD5-FD56-3B6C-54DB-85FAFAE1033F}"
EndProject
Project("{FAE04EC0-301F-11D3-BF4B-00C04F79EFBC}") = "Unity.PlasticSCM.Editor", "Unity.PlasticSCM.Editor.csproj", "{CFB7A828-80B6-0D0A-01E0-577CCEAF4DB5}"
EndProject
Project("{FAE04EC0-301F-11D3-BF4B-00C04F79EFBC}") = "Unity.VisualScripting.Core.Editor", "Unity.VisualScripting.Core.Editor.csproj", "{755051A3-3595-2B68-00D4-C866D4B2EF4F}"
EndProject
Project("{FAE04EC0-301F-11D3-BF4B-00C04F79EFBC}") = "Unity.VisualScripting.Flow.Editor", "Unity.VisualScripting.Flow.Editor.csproj", "{2A6D4003-6C4D-71FC-C647-1A3CC165A9F3}"
EndProject
Project("{FAE04EC0-301F-11D3-BF4B-00C04F79EFBC}") = "Unity.ShaderGraph.Editor", "Unity.ShaderGraph.Editor.csproj", "{EA3637B0-4B10-458A-4064-EB3760F95B25}"
EndProject
Project("{FAE04EC0-301F-11D3-BF4B-00C04F79EFBC}") = "Unity.VisualStudio.Editor", "Unity.VisualStudio.Editor.csproj", "{26B2C7B6-D5C3-078A-6AD3-9CC3DDBC6FA5}"
EndProject
Project("{FAE04EC0-301F-11D3-BF4B-00C04F79EFBC}") = "Unity.Timeline.Editor", "Unity.Timeline.Editor.csproj", "{033CAD85-675F-00DF-1E41-968B771F5EA0}"
EndProject
Project("{FAE04EC0-301F-11D3-BF4B-00C04F79EFBC}") = "Unity.RenderPipelines.Universal.Editor", "Unity.RenderPipelines.Universal.Editor.csproj", "{8440ED3B-7A94-D9E8-514A-962B993429FE}"
EndProject
Project("{FAE04EC0-301F-11D3-BF4B-00C04F79EFBC}") = "com.unity.cinemachine.editor", "com.unity.cinemachine.editor.csproj", "{F9C054FA-FF0B-B70E-45B8-520557206E08}"
EndProject
Project("{FAE04EC0-301F-11D3-BF4B-00C04F79EFBC}") = "Unity.VisualScripting.State.Editor", "Unity.VisualScripting.State.Editor.csproj", "{7D9ADEA0-396C-E332-D239-A49C49EB67CC}"
EndProject
Project("{FAE04EC0-301F-11D3-BF4B-00C04F79EFBC}") = "Unity.TextMeshPro.Editor", "Unity.TextMeshPro.Editor.csproj", "{BE0320B2-73E1-565A-580D-F4D51D1DACF1}"
EndProject
Project("{FAE04EC0-301F-11D3-BF4B-00C04F79EFBC}") = "Unity.RenderPipelines.Core.Editor", "Unity.RenderPipelines.Core.Editor.csproj", "{99271387-C5FC-8F2C-832A-37D96389563F}"
EndProject
Project("{FAE04EC0-301F-11D3-BF4B-00C04F79EFBC}") = "Unity.VisualScripting.SettingsProvider.Editor", "Unity.VisualScripting.SettingsProvider.Editor.csproj", "{C0C8A7AD-55DA-44E7-BDEF-243F5E9D9049}"
EndProject
Project("{FAE04EC0-301F-11D3-BF4B-00C04F79EFBC}") = "Unity.CollabProxy.Editor", "Unity.CollabProxy.Editor.csproj", "{62354F9F-FDFC-EC3D-B0A9-1EAA668A7069}"
EndProject
Project("{FAE04EC0-301F-11D3-BF4B-00C04F79EFBC}") = "UnityEditor.TestRunner", "UnityEditor.TestRunner.csproj", "{3A51670E-E769-B68E-220B-8F28ACD50F78}"
EndProject
Project("{FAE04EC0-301F-11D3-BF4B-00C04F79EFBC}") = "Unity.Services.Core.Editor", "Unity.Services.Core.Editor.csproj", "{DB6E2151-FAD1-1723-C6EB-338398A6BF18}"
EndProject
Project("{FAE04EC0-301F-11D3-BF4B-00C04F79EFBC}") = "Unity.TestTools.CodeCoverage.Editor", "Unity.TestTools.CodeCoverage.Editor.csproj", "{4D69DE53-0E68-C13B-0C94-A7F75A6F338B}"
EndProject
Project("{FAE04EC0-301F-11D3-BF4B-00C04F79EFBC}") = "Unity.2D.Tilemap.Editor", "Unity.2D.Tilemap.Editor.csproj", "{7219E84C-0E1E-723E-AAC7-6FF328E35E1B}"
EndProject
Project("{FAE04EC0-301F-11D3-BF4B-00C04F79EFBC}") = "Unity.Rider.Editor", "Unity.Rider.Editor.csproj", "{32227D55-B9E9-6F4E-67B7-A5FDBC793286}"
EndProject
Project("{FAE04EC0-301F-11D3-BF4B-00C04F79EFBC}") = "Unity.Performance.Profile-Analyzer.Editor", "Unity.Performance.Profile-Analyzer.Editor.csproj", "{9892DCCA-A1DE-A346-4D52-58AAFB528C77}"
EndProject
Project("{FAE04EC0-301F-11D3-BF4B-00C04F79EFBC}") = "Unity.Searcher.Editor", "Unity.Searcher.Editor.csproj", "{0B1EA3C9-0A28-4C43-206D-B411E2EF0B4E}"
EndProject
Project("{FAE04EC0-301F-11D3-BF4B-00C04F79EFBC}") = "Unity.Burst.CodeGen", "Unity.Burst.CodeGen.csproj", "{24CE3430-6671-8905-EA54-8232BC94F57B}"
EndProject
Project("{FAE04EC0-301F-11D3-BF4B-00C04F79EFBC}") = "Unity.VSCode.Editor", "Unity.VSCode.Editor.csproj", "{E7ABD202-6F17-852E-41C8-DCAD6BEC6188}"
EndProject
Project("{FAE04EC0-301F-11D3-BF4B-00C04F79EFBC}") = "Unity.2D.Sprite.Editor", "Unity.2D.Sprite.Editor.csproj", "{EC74F92C-20DF-67DE-25B2-0B2E6141C8B8}"
EndProject
Project("{FAE04EC0-301F-11D3-BF4B-00C04F79EFBC}") = "UnityEditor.UI", "UnityEditor.UI.csproj", "{A3E07406-A479-B05F-BCB9-375585FD36FF}"
EndProject
Project("{FAE04EC0-301F-11D3-BF4B-00C04F79EFBC}") = "Unity.TestTools.CodeCoverage.Editor.OpenCover.Model", "Unity.TestTools.CodeCoverage.Editor.OpenCover.Model.csproj", "{B5C1B0A7-8C3F-E797-CEB1-5B16F8D08F75}"
EndProject
Project("{FAE04EC0-301F-11D3-BF4B-00C04F79EFBC}") = "Unity.EditorCoroutines.Editor", "Unity.EditorCoroutines.Editor.csproj", "{23413C88-F24E-E054-FE76-DFCDEA1C8D06}"
EndProject
Project("{FAE04EC0-301F-11D3-BF4B-00C04F79EFBC}") = "Unity.Settings.Editor", "Unity.Settings.Editor.csproj", "{52F8F365-F179-1846-346F-0021F4F4E4E0}"
EndProject
Project("{FAE04EC0-301F-11D3-BF4B-00C04F79EFBC}") = "UnityEditor.SpatialTracking", "UnityEditor.SpatialTracking.csproj", "{1631900A-D071-981A-A58C-B5059DED6294}"
EndProject
Project("{FAE04EC0-301F-11D3-BF4B-00C04F79EFBC}") = "PPv2URPConverters", "PPv2URPConverters.csproj", "{3B002E63-4D35-6063-3DF7-6448CE6C8139}"
EndProject
Project("{FAE04EC0-301F-11D3-BF4B-00C04F79EFBC}") = "Unity.Mathematics.Editor", "Unity.Mathematics.Editor.csproj", "{1F6D6E13-BD2E-AF7C-E97D-26BBD07CF139}"
EndProject
Project("{FAE04EC0-301F-11D3-BF4B-00C04F79EFBC}") = "Unity.Services.Core.Configuration.Editor", "Unity.Services.Core.Configuration.Editor.csproj", "{2B1AA78C-D7CF-7D5A-6C81-07683C169F1F}"
EndProject
Project("{FAE04EC0-301F-11D3-BF4B-00C04F79EFBC}") = "Unity.Burst.Editor", "Unity.Burst.Editor.csproj", "{DC95FDD9-22A8-AEDF-872A-B59441DA7E02}"
EndProject
Project("{FAE04EC0-301F-11D3-BF4B-00C04F79EFBC}") = "UnityEditor.XR.LegacyInputHelpers", "UnityEditor.XR.LegacyInputHelpers.csproj", "{B3072F44-421C-5503-AB34-7E2BA3D6A0BB}"
EndProject
Project("{FAE04EC0-301F-11D3-BF4B-00C04F79EFBC}") = "Assembly-CSharp-Editor", "Assembly-CSharp-Editor.csproj", "{60BC4C57-6A78-D6C7-0BFD-7353005A99E6}"
EndProject
Project("{FAE04EC0-301F-11D3-BF4B-00C04F79EFBC}") = "Unity.ShaderGraph.Utilities", "Unity.ShaderGraph.Utilities.csproj", "{B8B66E58-3945-1E29-E5B4-6BCF2E0C5A82}"
EndProject
Project("{FAE04EC0-301F-11D3-BF4B-00C04F79EFBC}") = "Unity.TestTools.CodeCoverage.Editor.OpenCover.Mono.Reflection", "Unity.TestTools.CodeCoverage.Editor.OpenCover.Mono.Reflection.csproj", "{76F59E0B-EF76-8FA5-F8A0-32AB36840095}"
EndProject
Project("{FAE04EC0-301F-11D3-BF4B-00C04F79EFBC}") = "Unity.VisualScripting.Shared.Editor", "Unity.VisualScripting.Shared.Editor.csproj", "{26970375-FC28-7E0F-C554-5018849BA817}"
EndProject
Project("{FAE04EC0-301F-11D3-BF4B-00C04F79EFBC}") = "UnityEngine.UI", "UnityEngine.UI.Player.csproj", "{B869060E-C77B-40A3-AFD1-ECE199DC33D8}"
EndProject
Project("{FAE04EC0-301F-11D3-BF4B-00C04F79EFBC}") = "Unity.RenderPipelines.Core.Runtime", "Unity.RenderPipelines.Core.Runtime.Player.csproj", "{6ED21088-8BD3-A69E-009E-A44B0CBAB112}"
EndProject
Project("{FAE04EC0-301F-11D3-BF4B-00C04F79EFBC}") = "UnityEngine.TestRunner", "UnityEngine.TestRunner.Player.csproj", "{27C8631D-970A-FA0E-977A-52F2BD3C3604}"
EndProject
Project("{FAE04EC0-301F-11D3-BF4B-00C04F79EFBC}") = "Unity.VisualScripting.Flow", "Unity.VisualScripting.Flow.Player.csproj", "{2990CD38-42AB-8175-7EE3-A48864F0EDE1}"
EndProject
Project("{FAE04EC0-301F-11D3-BF4B-00C04F79EFBC}") = "Unity.Mathematics", "Unity.Mathematics.Player.csproj", "{71791A46-9010-7AFE-3CC9-2D329748476D}"
EndProject
Project("{FAE04EC0-301F-11D3-BF4B-00C04F79EFBC}") = "Unity.Services.Core.Telemetry", "Unity.Services.Core.Telemetry.Player.csproj", "{4FF1510F-F08F-393A-D783-0AF46D03BEA6}"
EndProject
Project("{FAE04EC0-301F-11D3-BF4B-00C04F79EFBC}") = "Unity.VisualScripting.State", "Unity.VisualScripting.State.Player.csproj", "{BAD32DEE-5AB7-01BD-C400-29C7DB87FBC8}"
EndProject
Project("{FAE04EC0-301F-11D3-BF4B-00C04F79EFBC}") = "Unity.VisualScripting.Core", "Unity.VisualScripting.Core.Player.csproj", "{A4DB24C4-62D0-BEAD-A4B1-0A03A727FA49}"
EndProject
Project("{FAE04EC0-301F-11D3-BF4B-00C04F79EFBC}") = "Unity.RenderPipelines.Universal.Runtime", "Unity.RenderPipelines.Universal.Runtime.Player.csproj", "{F8D66EB6-9B77-30B7-297F-FC1C5E502E20}"
EndProject
Project("{FAE04EC0-301F-11D3-BF4B-00C04F79EFBC}") = "UnityEngine.XR.LegacyInputHelpers", "UnityEngine.XR.LegacyInputHelpers.Player.csproj", "{8BB842CF-B71A-CDEA-6057-3BDF12E5AC00}"
EndProject
Project("{FAE04EC0-301F-11D3-BF4B-00C04F79EFBC}") = "Unity.Services.Core.Environments.Internal", "Unity.Services.Core.Environments.Internal.Player.csproj", "{AAEB78C3-6052-33B4-F393-23F36EC47A52}"
EndProject
Project("{FAE04EC0-301F-11D3-BF4B-00C04F79EFBC}") = "Unity.Burst", "Unity.Burst.Player.csproj", "{3DCB9B97-08FB-7ECC-CB93-24A1F1E1835F}"
EndProject
Project("{FAE04EC0-301F-11D3-BF4B-00C04F79EFBC}") = "Unity.TextMeshPro", "Unity.TextMeshPro.Player.csproj", "{6E11098A-06D4-F8EA-A6C9-C9D9580FD8CA}"
EndProject
Project("{FAE04EC0-301F-11D3-BF4B-00C04F79EFBC}") = "Cinemachine", "Cinemachine.Player.csproj", "{2B025493-D34F-AEA1-8354-0C2F10CD7395}"
EndProject
Project("{FAE04EC0-301F-11D3-BF4B-00C04F79EFBC}") = "Unity.Timeline", "Unity.Timeline.Player.csproj", "{9DB27632-6AA7-F9A2-A030-A9F5AEB9B8B2}"
EndProject
Project("{FAE04EC0-301F-11D3-BF4B-00C04F79EFBC}") = "Unity.Services.Core", "Unity.Services.Core.Player.csproj", "{99185ABE-ED06-184E-49B8-7DBA2EF92343}"
EndProject
Project("{FAE04EC0-301F-11D3-BF4B-00C04F79EFBC}") = "Unity.RenderPipeline.Universal.ShaderLibrary", "Unity.RenderPipeline.Universal.ShaderLibrary.Player.csproj", "{5E53A3E5-7AC2-F962-637A-39246B868D4C}"
EndProject
Project("{FAE04EC0-301F-11D3-BF4B-00C04F79EFBC}") = "Unity.Services.Core.Environments", "Unity.Services.Core.Environments.Player.csproj", "{330003B3-A4C3-8B15-7275-88AB3284F5D1}"
EndProject
Project("{FAE04EC0-301F-11D3-BF4B-00C04F79EFBC}") = "Unity.Services.Core.Internal", "Unity.Services.Core.Internal.Player.csproj", "{F0533AAB-06BB-C654-DDE5-A02D308A0670}"
EndProject
Project("{FAE04EC0-301F-11D3-BF4B-00C04F79EFBC}") = "Unity.Services.Core.Analytics", "Unity.Services.Core.Analytics.Player.csproj", "{C80E4C27-6757-9D7B-2C9A-80B890CB4470}"
EndProject
Project("{FAE04EC0-301F-11D3-BF4B-00C04F79EFBC}") = "Assembly-CSharp", "Assembly-CSharp.Player.csproj", "{EA35276A-F12D-7B11-5762-5BB5F824ED39}"
EndProject
Project("{FAE04EC0-301F-11D3-BF4B-00C04F79EFBC}") = "Unity.Services.Core.Scheduler", "Unity.Services.Core.Scheduler.Player.csproj", "{765E474B-16C8-9938-A46A-E867A6A3AB56}"
EndProject
Project("{FAE04EC0-301F-11D3-BF4B-00C04F79EFBC}") = "Unity.Services.Core.Registration", "Unity.Services.Core.Registration.Player.csproj", "{EB22E70E-494D-37EF-35DB-D3F0756CCBC2}"
EndProject
Project("{FAE04EC0-301F-11D3-BF4B-00C04F79EFBC}") = "Unity.Services.Core.Device", "Unity.Services.Core.Device.Player.csproj", "{C1D692BF-A587-8ABD-25B2-3A56C6CE8764}"
EndProject
Project("{FAE04EC0-301F-11D3-BF4B-00C04F79EFBC}") = "Unity.Services.Core.Threading", "Unity.Services.Core.Threading.Player.csproj", "{7C5402FB-1F2A-7FF3-4BDE-EF941BCF17AA}"
EndProject
Project("{FAE04EC0-301F-11D3-BF4B-00C04F79EFBC}") = "Unity.Services.Core.Networking", "Unity.Services.Core.Networking.Player.csproj", "{F733F6AB-CDA3-7976-87F6-73AB9E987902}"
EndProject
Project("{FAE04EC0-301F-11D3-BF4B-00C04F79EFBC}") = "Unity.RenderPipelines.Core.ShaderLibrary", "Unity.RenderPipelines.Core.ShaderLibrary.Player.csproj", "{2C1443F5-A4C5-8107-2E78-77DA0342EC4D}"
EndProject
Project("{FAE04EC0-301F-11D3-BF4B-00C04F79EFBC}") = "UnityEngine.SpatialTracking", "UnityEngine.SpatialTracking.Player.csproj", "{48A4F6E0-4BA3-B9A2-74DC-8D8508AFC646}"
EndProject
Project("{FAE04EC0-301F-11D3-BF4B-00C04F79EFBC}") = "Unity.Services.Core.Configuration", "Unity.Services.Core.Configuration.Player.csproj", "{41E81B18-2F01-72B3-5D48-925ED5E0B283}"
EndProject
Project("{FAE04EC0-301F-11D3-BF4B-00C04F79EFBC}") = "Unity.RenderPipelines.Universal.Shaders", "Unity.RenderPipelines.Universal.Shaders.Player.csproj", "{83942F42-6DD1-5061-6DE7-542BC112DB58}"
EndProject
Project("{FAE04EC0-301F-11D3-BF4B-00C04F79EFBC}") = "Unity.RenderPipelines.ShaderGraph.ShaderGraphLibrary", "Unity.RenderPipelines.ShaderGraph.ShaderGraphLibrary.Player.csproj", "{FAA60674-C8C7-0963-7339-2AA50E00B34F}"
EndProject
Global
	GlobalSection(SolutionConfigurationPlatforms) = preSolution
		Debug|Any CPU = Debug|Any CPU
		Release|Any CPU = Release|Any CPU
	EndGlobalSection
	GlobalSection(ProjectConfigurationPlatforms) = postSolution
		{F5B07D97-D749-8660-818E-E0198DB203F0}.Debug|Any CPU.ActiveCfg = Debug|Any CPU
		{F5B07D97-D749-8660-818E-E0198DB203F0}.Debug|Any CPU.Build.0 = Debug|Any CPU
		{F5B07D97-D749-8660-818E-E0198DB203F0}.Release|Any CPU.ActiveCfg = Release|Any CPU
		{F5B07D97-D749-8660-818E-E0198DB203F0}.Release|Any CPU.Build.0 = Release|Any CPU
		{89962ECC-3676-F421-8526-65E901A8D98B}.Debug|Any CPU.ActiveCfg = Debug|Any CPU
		{89962ECC-3676-F421-8526-65E901A8D98B}.Debug|Any CPU.Build.0 = Debug|Any CPU
		{89962ECC-3676-F421-8526-65E901A8D98B}.Release|Any CPU.ActiveCfg = Release|Any CPU
		{89962ECC-3676-F421-8526-65E901A8D98B}.Release|Any CPU.Build.0 = Release|Any CPU
		{10F2E369-4770-3CF1-BA16-70627FB81033}.Debug|Any CPU.ActiveCfg = Debug|Any CPU
		{10F2E369-4770-3CF1-BA16-70627FB81033}.Debug|Any CPU.Build.0 = Debug|Any CPU
		{10F2E369-4770-3CF1-BA16-70627FB81033}.Release|Any CPU.ActiveCfg = Release|Any CPU
		{10F2E369-4770-3CF1-BA16-70627FB81033}.Release|Any CPU.Build.0 = Release|Any CPU
		{E38D2A97-9C96-4F8A-6283-C3840633A991}.Debug|Any CPU.ActiveCfg = Debug|Any CPU
		{E38D2A97-9C96-4F8A-6283-C3840633A991}.Debug|Any CPU.Build.0 = Debug|Any CPU
		{E38D2A97-9C96-4F8A-6283-C3840633A991}.Release|Any CPU.ActiveCfg = Release|Any CPU
		{E38D2A97-9C96-4F8A-6283-C3840633A991}.Release|Any CPU.Build.0 = Release|Any CPU
		{F41AE078-D3DC-DE7A-9A25-EEE6067798B6}.Debug|Any CPU.ActiveCfg = Debug|Any CPU
		{F41AE078-D3DC-DE7A-9A25-EEE6067798B6}.Debug|Any CPU.Build.0 = Debug|Any CPU
		{F41AE078-D3DC-DE7A-9A25-EEE6067798B6}.Release|Any CPU.ActiveCfg = Release|Any CPU
		{F41AE078-D3DC-DE7A-9A25-EEE6067798B6}.Release|Any CPU.Build.0 = Release|Any CPU
		{74CD9105-8205-A6FA-1F40-3E41D8C8B3BD}.Debug|Any CPU.ActiveCfg = Debug|Any CPU
		{74CD9105-8205-A6FA-1F40-3E41D8C8B3BD}.Debug|Any CPU.Build.0 = Debug|Any CPU
		{74CD9105-8205-A6FA-1F40-3E41D8C8B3BD}.Release|Any CPU.ActiveCfg = Release|Any CPU
		{74CD9105-8205-A6FA-1F40-3E41D8C8B3BD}.Release|Any CPU.Build.0 = Release|Any CPU
		{9C1E6F24-E2E7-64AB-1B78-93928E91E798}.Debug|Any CPU.ActiveCfg = Debug|Any CPU
		{9C1E6F24-E2E7-64AB-1B78-93928E91E798}.Debug|Any CPU.Build.0 = Debug|Any CPU
		{9C1E6F24-E2E7-64AB-1B78-93928E91E798}.Release|Any CPU.ActiveCfg = Release|Any CPU
		{9C1E6F24-E2E7-64AB-1B78-93928E91E798}.Release|Any CPU.Build.0 = Release|Any CPU
		{88E14693-D155-C3AD-D155-E6C37041BBC7}.Debug|Any CPU.ActiveCfg = Debug|Any CPU
		{88E14693-D155-C3AD-D155-E6C37041BBC7}.Debug|Any CPU.Build.0 = Debug|Any CPU
		{88E14693-D155-C3AD-D155-E6C37041BBC7}.Release|Any CPU.ActiveCfg = Release|Any CPU
		{88E14693-D155-C3AD-D155-E6C37041BBC7}.Release|Any CPU.Build.0 = Release|Any CPU
		{BBE3DCD5-01F2-7245-6D20-C873B8E81D9F}.Debug|Any CPU.ActiveCfg = Debug|Any CPU
		{BBE3DCD5-01F2-7245-6D20-C873B8E81D9F}.Debug|Any CPU.Build.0 = Debug|Any CPU
		{BBE3DCD5-01F2-7245-6D20-C873B8E81D9F}.Release|Any CPU.ActiveCfg = Release|Any CPU
		{BBE3DCD5-01F2-7245-6D20-C873B8E81D9F}.Release|Any CPU.Build.0 = Release|Any CPU
		{4FDB9BA0-FBC0-10D4-F244-1E370312DFA3}.Debug|Any CPU.ActiveCfg = Debug|Any CPU
		{4FDB9BA0-FBC0-10D4-F244-1E370312DFA3}.Debug|Any CPU.Build.0 = Debug|Any CPU
		{4FDB9BA0-FBC0-10D4-F244-1E370312DFA3}.Release|Any CPU.ActiveCfg = Release|Any CPU
		{4FDB9BA0-FBC0-10D4-F244-1E370312DFA3}.Release|Any CPU.Build.0 = Release|Any CPU
		{10670079-06D5-9B0E-1964-0C4A40D917E3}.Debug|Any CPU.ActiveCfg = Debug|Any CPU
		{10670079-06D5-9B0E-1964-0C4A40D917E3}.Debug|Any CPU.Build.0 = Debug|Any CPU
		{10670079-06D5-9B0E-1964-0C4A40D917E3}.Release|Any CPU.ActiveCfg = Release|Any CPU
		{10670079-06D5-9B0E-1964-0C4A40D917E3}.Release|Any CPU.Build.0 = Release|Any CPU
		{D969515B-0F21-F181-4BE5-B927D5C14BBD}.Debug|Any CPU.ActiveCfg = Debug|Any CPU
		{D969515B-0F21-F181-4BE5-B927D5C14BBD}.Debug|Any CPU.Build.0 = Debug|Any CPU
		{D969515B-0F21-F181-4BE5-B927D5C14BBD}.Release|Any CPU.ActiveCfg = Release|Any CPU
		{D969515B-0F21-F181-4BE5-B927D5C14BBD}.Release|Any CPU.Build.0 = Release|Any CPU
		{E3D3EE8F-C7E4-B1C1-2008-987F853E2CEE}.Debug|Any CPU.ActiveCfg = Debug|Any CPU
		{E3D3EE8F-C7E4-B1C1-2008-987F853E2CEE}.Debug|Any CPU.Build.0 = Debug|Any CPU
		{E3D3EE8F-C7E4-B1C1-2008-987F853E2CEE}.Release|Any CPU.ActiveCfg = Release|Any CPU
		{E3D3EE8F-C7E4-B1C1-2008-987F853E2CEE}.Release|Any CPU.Build.0 = Release|Any CPU
		{D188253A-5A92-B918-AE31-4D0FC2BBDC0A}.Debug|Any CPU.ActiveCfg = Debug|Any CPU
		{D188253A-5A92-B918-AE31-4D0FC2BBDC0A}.Debug|Any CPU.Build.0 = Debug|Any CPU
		{D188253A-5A92-B918-AE31-4D0FC2BBDC0A}.Release|Any CPU.ActiveCfg = Release|Any CPU
		{D188253A-5A92-B918-AE31-4D0FC2BBDC0A}.Release|Any CPU.Build.0 = Release|Any CPU
		{06C09CF2-0976-198A-6D9B-63A11AFC9A07}.Debug|Any CPU.ActiveCfg = Debug|Any CPU
		{06C09CF2-0976-198A-6D9B-63A11AFC9A07}.Debug|Any CPU.Build.0 = Debug|Any CPU
		{06C09CF2-0976-198A-6D9B-63A11AFC9A07}.Release|Any CPU.ActiveCfg = Release|Any CPU
		{06C09CF2-0976-198A-6D9B-63A11AFC9A07}.Release|Any CPU.Build.0 = Release|Any CPU
		{B4F8D209-7502-55EC-2A63-4CFEC6B947B8}.Debug|Any CPU.ActiveCfg = Debug|Any CPU
		{B4F8D209-7502-55EC-2A63-4CFEC6B947B8}.Debug|Any CPU.Build.0 = Debug|Any CPU
		{B4F8D209-7502-55EC-2A63-4CFEC6B947B8}.Release|Any CPU.ActiveCfg = Release|Any CPU
		{B4F8D209-7502-55EC-2A63-4CFEC6B947B8}.Release|Any CPU.Build.0 = Release|Any CPU
		{41D92350-0B75-E85F-E685-1C8488118D21}.Debug|Any CPU.ActiveCfg = Debug|Any CPU
		{41D92350-0B75-E85F-E685-1C8488118D21}.Debug|Any CPU.Build.0 = Debug|Any CPU
		{41D92350-0B75-E85F-E685-1C8488118D21}.Release|Any CPU.ActiveCfg = Release|Any CPU
		{41D92350-0B75-E85F-E685-1C8488118D21}.Release|Any CPU.Build.0 = Release|Any CPU
		{D7331680-F724-96B7-EE82-6488A34F6F60}.Debug|Any CPU.ActiveCfg = Debug|Any CPU
		{D7331680-F724-96B7-EE82-6488A34F6F60}.Debug|Any CPU.Build.0 = Debug|Any CPU
		{D7331680-F724-96B7-EE82-6488A34F6F60}.Release|Any CPU.ActiveCfg = Release|Any CPU
		{D7331680-F724-96B7-EE82-6488A34F6F60}.Release|Any CPU.Build.0 = Release|Any CPU
		{61CC1E1B-8A61-6FF5-CAC4-EC96E63DDD30}.Debug|Any CPU.ActiveCfg = Debug|Any CPU
		{61CC1E1B-8A61-6FF5-CAC4-EC96E63DDD30}.Debug|Any CPU.Build.0 = Debug|Any CPU
		{61CC1E1B-8A61-6FF5-CAC4-EC96E63DDD30}.Release|Any CPU.ActiveCfg = Release|Any CPU
		{61CC1E1B-8A61-6FF5-CAC4-EC96E63DDD30}.Release|Any CPU.Build.0 = Release|Any CPU
		{4207C615-82CF-57AB-E738-CC4867989C3E}.Debug|Any CPU.ActiveCfg = Debug|Any CPU
		{4207C615-82CF-57AB-E738-CC4867989C3E}.Debug|Any CPU.Build.0 = Debug|Any CPU
		{4207C615-82CF-57AB-E738-CC4867989C3E}.Release|Any CPU.ActiveCfg = Release|Any CPU
		{4207C615-82CF-57AB-E738-CC4867989C3E}.Release|Any CPU.Build.0 = Release|Any CPU
		{9DAD38D5-441D-E13C-0411-F8D6671C9D92}.Debug|Any CPU.ActiveCfg = Debug|Any CPU
		{9DAD38D5-441D-E13C-0411-F8D6671C9D92}.Debug|Any CPU.Build.0 = Debug|Any CPU
		{9DAD38D5-441D-E13C-0411-F8D6671C9D92}.Release|Any CPU.ActiveCfg = Release|Any CPU
		{9DAD38D5-441D-E13C-0411-F8D6671C9D92}.Release|Any CPU.Build.0 = Release|Any CPU
		{BD836E44-413C-956C-2D34-EB401E6493B3}.Debug|Any CPU.ActiveCfg = Debug|Any CPU
		{BD836E44-413C-956C-2D34-EB401E6493B3}.Debug|Any CPU.Build.0 = Debug|Any CPU
		{BD836E44-413C-956C-2D34-EB401E6493B3}.Release|Any CPU.ActiveCfg = Release|Any CPU
		{BD836E44-413C-956C-2D34-EB401E6493B3}.Release|Any CPU.Build.0 = Release|Any CPU
		{3BCC67C1-9B68-6DEE-AC2C-6B2E7C39BB44}.Debug|Any CPU.ActiveCfg = Debug|Any CPU
		{3BCC67C1-9B68-6DEE-AC2C-6B2E7C39BB44}.Debug|Any CPU.Build.0 = Debug|Any CPU
		{3BCC67C1-9B68-6DEE-AC2C-6B2E7C39BB44}.Release|Any CPU.ActiveCfg = Release|Any CPU
		{3BCC67C1-9B68-6DEE-AC2C-6B2E7C39BB44}.Release|Any CPU.Build.0 = Release|Any CPU
		{E5C4D8F4-8C32-FBA6-621C-996FE98F2010}.Debug|Any CPU.ActiveCfg = Debug|Any CPU
		{E5C4D8F4-8C32-FBA6-621C-996FE98F2010}.Debug|Any CPU.Build.0 = Debug|Any CPU
		{E5C4D8F4-8C32-FBA6-621C-996FE98F2010}.Release|Any CPU.ActiveCfg = Release|Any CPU
		{E5C4D8F4-8C32-FBA6-621C-996FE98F2010}.Release|Any CPU.Build.0 = Release|Any CPU
		{397FCD45-44A6-7033-CE5B-F54291C87846}.Debug|Any CPU.ActiveCfg = Debug|Any CPU
		{397FCD45-44A6-7033-CE5B-F54291C87846}.Debug|Any CPU.Build.0 = Debug|Any CPU
		{397FCD45-44A6-7033-CE5B-F54291C87846}.Release|Any CPU.ActiveCfg = Release|Any CPU
		{397FCD45-44A6-7033-CE5B-F54291C87846}.Release|Any CPU.Build.0 = Release|Any CPU
		{00F225D5-0F75-FE49-D2A7-048AD2251240}.Debug|Any CPU.ActiveCfg = Debug|Any CPU
		{00F225D5-0F75-FE49-D2A7-048AD2251240}.Debug|Any CPU.Build.0 = Debug|Any CPU
		{00F225D5-0F75-FE49-D2A7-048AD2251240}.Release|Any CPU.ActiveCfg = Release|Any CPU
		{00F225D5-0F75-FE49-D2A7-048AD2251240}.Release|Any CPU.Build.0 = Release|Any CPU
		{CF635288-F492-DCE1-B8BD-9EEC3E1D9230}.Debug|Any CPU.ActiveCfg = Debug|Any CPU
		{CF635288-F492-DCE1-B8BD-9EEC3E1D9230}.Debug|Any CPU.Build.0 = Debug|Any CPU
		{CF635288-F492-DCE1-B8BD-9EEC3E1D9230}.Release|Any CPU.ActiveCfg = Release|Any CPU
		{CF635288-F492-DCE1-B8BD-9EEC3E1D9230}.Release|Any CPU.Build.0 = Release|Any CPU
		{881B15D4-A33D-3D68-A219-60F0AEA4A7B9}.Debug|Any CPU.ActiveCfg = Debug|Any CPU
		{881B15D4-A33D-3D68-A219-60F0AEA4A7B9}.Debug|Any CPU.Build.0 = Debug|Any CPU
		{881B15D4-A33D-3D68-A219-60F0AEA4A7B9}.Release|Any CPU.ActiveCfg = Release|Any CPU
		{881B15D4-A33D-3D68-A219-60F0AEA4A7B9}.Release|Any CPU.Build.0 = Release|Any CPU
		{9FA98858-8126-B0F8-F4F0-EA7CCBFC8704}.Debug|Any CPU.ActiveCfg = Debug|Any CPU
		{9FA98858-8126-B0F8-F4F0-EA7CCBFC8704}.Debug|Any CPU.Build.0 = Debug|Any CPU
		{9FA98858-8126-B0F8-F4F0-EA7CCBFC8704}.Release|Any CPU.ActiveCfg = Release|Any CPU
		{9FA98858-8126-B0F8-F4F0-EA7CCBFC8704}.Release|Any CPU.Build.0 = Release|Any CPU
		{91FE2B72-8107-C80D-5298-E480663D47A3}.Debug|Any CPU.ActiveCfg = Debug|Any CPU
		{91FE2B72-8107-C80D-5298-E480663D47A3}.Debug|Any CPU.Build.0 = Debug|Any CPU
		{91FE2B72-8107-C80D-5298-E480663D47A3}.Release|Any CPU.ActiveCfg = Release|Any CPU
		{91FE2B72-8107-C80D-5298-E480663D47A3}.Release|Any CPU.Build.0 = Release|Any CPU
		{C13E5FD5-FD56-3B6C-54DB-85FAFAE1033F}.Debug|Any CPU.ActiveCfg = Debug|Any CPU
		{C13E5FD5-FD56-3B6C-54DB-85FAFAE1033F}.Debug|Any CPU.Build.0 = Debug|Any CPU
		{C13E5FD5-FD56-3B6C-54DB-85FAFAE1033F}.Release|Any CPU.ActiveCfg = Release|Any CPU
		{C13E5FD5-FD56-3B6C-54DB-85FAFAE1033F}.Release|Any CPU.Build.0 = Release|Any CPU
		{CFB7A828-80B6-0D0A-01E0-577CCEAF4DB5}.Debug|Any CPU.ActiveCfg = Debug|Any CPU
		{CFB7A828-80B6-0D0A-01E0-577CCEAF4DB5}.Debug|Any CPU.Build.0 = Debug|Any CPU
		{CFB7A828-80B6-0D0A-01E0-577CCEAF4DB5}.Release|Any CPU.ActiveCfg = Release|Any CPU
		{CFB7A828-80B6-0D0A-01E0-577CCEAF4DB5}.Release|Any CPU.Build.0 = Release|Any CPU
		{755051A3-3595-2B68-00D4-C866D4B2EF4F}.Debug|Any CPU.ActiveCfg = Debug|Any CPU
		{755051A3-3595-2B68-00D4-C866D4B2EF4F}.Debug|Any CPU.Build.0 = Debug|Any CPU
		{755051A3-3595-2B68-00D4-C866D4B2EF4F}.Release|Any CPU.ActiveCfg = Release|Any CPU
		{755051A3-3595-2B68-00D4-C866D4B2EF4F}.Release|Any CPU.Build.0 = Release|Any CPU
		{2A6D4003-6C4D-71FC-C647-1A3CC165A9F3}.Debug|Any CPU.ActiveCfg = Debug|Any CPU
		{2A6D4003-6C4D-71FC-C647-1A3CC165A9F3}.Debug|Any CPU.Build.0 = Debug|Any CPU
		{2A6D4003-6C4D-71FC-C647-1A3CC165A9F3}.Release|Any CPU.ActiveCfg = Release|Any CPU
		{2A6D4003-6C4D-71FC-C647-1A3CC165A9F3}.Release|Any CPU.Build.0 = Release|Any CPU
		{EA3637B0-4B10-458A-4064-EB3760F95B25}.Debug|Any CPU.ActiveCfg = Debug|Any CPU
		{EA3637B0-4B10-458A-4064-EB3760F95B25}.Debug|Any CPU.Build.0 = Debug|Any CPU
		{EA3637B0-4B10-458A-4064-EB3760F95B25}.Release|Any CPU.ActiveCfg = Release|Any CPU
		{EA3637B0-4B10-458A-4064-EB3760F95B25}.Release|Any CPU.Build.0 = Release|Any CPU
		{26B2C7B6-D5C3-078A-6AD3-9CC3DDBC6FA5}.Debug|Any CPU.ActiveCfg = Debug|Any CPU
		{26B2C7B6-D5C3-078A-6AD3-9CC3DDBC6FA5}.Debug|Any CPU.Build.0 = Debug|Any CPU
		{26B2C7B6-D5C3-078A-6AD3-9CC3DDBC6FA5}.Release|Any CPU.ActiveCfg = Release|Any CPU
		{26B2C7B6-D5C3-078A-6AD3-9CC3DDBC6FA5}.Release|Any CPU.Build.0 = Release|Any CPU
		{033CAD85-675F-00DF-1E41-968B771F5EA0}.Debug|Any CPU.ActiveCfg = Debug|Any CPU
		{033CAD85-675F-00DF-1E41-968B771F5EA0}.Debug|Any CPU.Build.0 = Debug|Any CPU
		{033CAD85-675F-00DF-1E41-968B771F5EA0}.Release|Any CPU.ActiveCfg = Release|Any CPU
		{033CAD85-675F-00DF-1E41-968B771F5EA0}.Release|Any CPU.Build.0 = Release|Any CPU
		{8440ED3B-7A94-D9E8-514A-962B993429FE}.Debug|Any CPU.ActiveCfg = Debug|Any CPU
		{8440ED3B-7A94-D9E8-514A-962B993429FE}.Debug|Any CPU.Build.0 = Debug|Any CPU
		{8440ED3B-7A94-D9E8-514A-962B993429FE}.Release|Any CPU.ActiveCfg = Release|Any CPU
		{8440ED3B-7A94-D9E8-514A-962B993429FE}.Release|Any CPU.Build.0 = Release|Any CPU
		{F9C054FA-FF0B-B70E-45B8-520557206E08}.Debug|Any CPU.ActiveCfg = Debug|Any CPU
		{F9C054FA-FF0B-B70E-45B8-520557206E08}.Debug|Any CPU.Build.0 = Debug|Any CPU
		{F9C054FA-FF0B-B70E-45B8-520557206E08}.Release|Any CPU.ActiveCfg = Release|Any CPU
		{F9C054FA-FF0B-B70E-45B8-520557206E08}.Release|Any CPU.Build.0 = Release|Any CPU
		{7D9ADEA0-396C-E332-D239-A49C49EB67CC}.Debug|Any CPU.ActiveCfg = Debug|Any CPU
		{7D9ADEA0-396C-E332-D239-A49C49EB67CC}.Debug|Any CPU.Build.0 = Debug|Any CPU
		{7D9ADEA0-396C-E332-D239-A49C49EB67CC}.Release|Any CPU.ActiveCfg = Release|Any CPU
		{7D9ADEA0-396C-E332-D239-A49C49EB67CC}.Release|Any CPU.Build.0 = Release|Any CPU
		{BE0320B2-73E1-565A-580D-F4D51D1DACF1}.Debug|Any CPU.ActiveCfg = Debug|Any CPU
		{BE0320B2-73E1-565A-580D-F4D51D1DACF1}.Debug|Any CPU.Build.0 = Debug|Any CPU
		{BE0320B2-73E1-565A-580D-F4D51D1DACF1}.Release|Any CPU.ActiveCfg = Release|Any CPU
		{BE0320B2-73E1-565A-580D-F4D51D1DACF1}.Release|Any CPU.Build.0 = Release|Any CPU
		{99271387-C5FC-8F2C-832A-37D96389563F}.Debug|Any CPU.ActiveCfg = Debug|Any CPU
		{99271387-C5FC-8F2C-832A-37D96389563F}.Debug|Any CPU.Build.0 = Debug|Any CPU
		{99271387-C5FC-8F2C-832A-37D96389563F}.Release|Any CPU.ActiveCfg = Release|Any CPU
		{99271387-C5FC-8F2C-832A-37D96389563F}.Release|Any CPU.Build.0 = Release|Any CPU
		{C0C8A7AD-55DA-44E7-BDEF-243F5E9D9049}.Debug|Any CPU.ActiveCfg = Debug|Any CPU
		{C0C8A7AD-55DA-44E7-BDEF-243F5E9D9049}.Debug|Any CPU.Build.0 = Debug|Any CPU
		{C0C8A7AD-55DA-44E7-BDEF-243F5E9D9049}.Release|Any CPU.ActiveCfg = Release|Any CPU
		{C0C8A7AD-55DA-44E7-BDEF-243F5E9D9049}.Release|Any CPU.Build.0 = Release|Any CPU
		{62354F9F-FDFC-EC3D-B0A9-1EAA668A7069}.Debug|Any CPU.ActiveCfg = Debug|Any CPU
		{62354F9F-FDFC-EC3D-B0A9-1EAA668A7069}.Debug|Any CPU.Build.0 = Debug|Any CPU
		{62354F9F-FDFC-EC3D-B0A9-1EAA668A7069}.Release|Any CPU.ActiveCfg = Release|Any CPU
		{62354F9F-FDFC-EC3D-B0A9-1EAA668A7069}.Release|Any CPU.Build.0 = Release|Any CPU
		{3A51670E-E769-B68E-220B-8F28ACD50F78}.Debug|Any CPU.ActiveCfg = Debug|Any CPU
		{3A51670E-E769-B68E-220B-8F28ACD50F78}.Debug|Any CPU.Build.0 = Debug|Any CPU
		{3A51670E-E769-B68E-220B-8F28ACD50F78}.Release|Any CPU.ActiveCfg = Release|Any CPU
		{3A51670E-E769-B68E-220B-8F28ACD50F78}.Release|Any CPU.Build.0 = Release|Any CPU
		{DB6E2151-FAD1-1723-C6EB-338398A6BF18}.Debug|Any CPU.ActiveCfg = Debug|Any CPU
		{DB6E2151-FAD1-1723-C6EB-338398A6BF18}.Debug|Any CPU.Build.0 = Debug|Any CPU
		{DB6E2151-FAD1-1723-C6EB-338398A6BF18}.Release|Any CPU.ActiveCfg = Release|Any CPU
		{DB6E2151-FAD1-1723-C6EB-338398A6BF18}.Release|Any CPU.Build.0 = Release|Any CPU
		{4D69DE53-0E68-C13B-0C94-A7F75A6F338B}.Debug|Any CPU.ActiveCfg = Debug|Any CPU
		{4D69DE53-0E68-C13B-0C94-A7F75A6F338B}.Debug|Any CPU.Build.0 = Debug|Any CPU
		{4D69DE53-0E68-C13B-0C94-A7F75A6F338B}.Release|Any CPU.ActiveCfg = Release|Any CPU
		{4D69DE53-0E68-C13B-0C94-A7F75A6F338B}.Release|Any CPU.Build.0 = Release|Any CPU
		{7219E84C-0E1E-723E-AAC7-6FF328E35E1B}.Debug|Any CPU.ActiveCfg = Debug|Any CPU
		{7219E84C-0E1E-723E-AAC7-6FF328E35E1B}.Debug|Any CPU.Build.0 = Debug|Any CPU
		{7219E84C-0E1E-723E-AAC7-6FF328E35E1B}.Release|Any CPU.ActiveCfg = Release|Any CPU
		{7219E84C-0E1E-723E-AAC7-6FF328E35E1B}.Release|Any CPU.Build.0 = Release|Any CPU
		{32227D55-B9E9-6F4E-67B7-A5FDBC793286}.Debug|Any CPU.ActiveCfg = Debug|Any CPU
		{32227D55-B9E9-6F4E-67B7-A5FDBC793286}.Debug|Any CPU.Build.0 = Debug|Any CPU
		{32227D55-B9E9-6F4E-67B7-A5FDBC793286}.Release|Any CPU.ActiveCfg = Release|Any CPU
		{32227D55-B9E9-6F4E-67B7-A5FDBC793286}.Release|Any CPU.Build.0 = Release|Any CPU
		{9892DCCA-A1DE-A346-4D52-58AAFB528C77}.Debug|Any CPU.ActiveCfg = Debug|Any CPU
		{9892DCCA-A1DE-A346-4D52-58AAFB528C77}.Debug|Any CPU.Build.0 = Debug|Any CPU
		{9892DCCA-A1DE-A346-4D52-58AAFB528C77}.Release|Any CPU.ActiveCfg = Release|Any CPU
		{9892DCCA-A1DE-A346-4D52-58AAFB528C77}.Release|Any CPU.Build.0 = Release|Any CPU
		{0B1EA3C9-0A28-4C43-206D-B411E2EF0B4E}.Debug|Any CPU.ActiveCfg = Debug|Any CPU
		{0B1EA3C9-0A28-4C43-206D-B411E2EF0B4E}.Debug|Any CPU.Build.0 = Debug|Any CPU
		{0B1EA3C9-0A28-4C43-206D-B411E2EF0B4E}.Release|Any CPU.ActiveCfg = Release|Any CPU
		{0B1EA3C9-0A28-4C43-206D-B411E2EF0B4E}.Release|Any CPU.Build.0 = Release|Any CPU
		{24CE3430-6671-8905-EA54-8232BC94F57B}.Debug|Any CPU.ActiveCfg = Debug|Any CPU
		{24CE3430-6671-8905-EA54-8232BC94F57B}.Debug|Any CPU.Build.0 = Debug|Any CPU
		{24CE3430-6671-8905-EA54-8232BC94F57B}.Release|Any CPU.ActiveCfg = Release|Any CPU
		{24CE3430-6671-8905-EA54-8232BC94F57B}.Release|Any CPU.Build.0 = Release|Any CPU
		{E7ABD202-6F17-852E-41C8-DCAD6BEC6188}.Debug|Any CPU.ActiveCfg = Debug|Any CPU
		{E7ABD202-6F17-852E-41C8-DCAD6BEC6188}.Debug|Any CPU.Build.0 = Debug|Any CPU
		{E7ABD202-6F17-852E-41C8-DCAD6BEC6188}.Release|Any CPU.ActiveCfg = Release|Any CPU
		{E7ABD202-6F17-852E-41C8-DCAD6BEC6188}.Release|Any CPU.Build.0 = Release|Any CPU
		{EC74F92C-20DF-67DE-25B2-0B2E6141C8B8}.Debug|Any CPU.ActiveCfg = Debug|Any CPU
		{EC74F92C-20DF-67DE-25B2-0B2E6141C8B8}.Debug|Any CPU.Build.0 = Debug|Any CPU
		{EC74F92C-20DF-67DE-25B2-0B2E6141C8B8}.Release|Any CPU.ActiveCfg = Release|Any CPU
		{EC74F92C-20DF-67DE-25B2-0B2E6141C8B8}.Release|Any CPU.Build.0 = Release|Any CPU
		{A3E07406-A479-B05F-BCB9-375585FD36FF}.Debug|Any CPU.ActiveCfg = Debug|Any CPU
		{A3E07406-A479-B05F-BCB9-375585FD36FF}.Debug|Any CPU.Build.0 = Debug|Any CPU
		{A3E07406-A479-B05F-BCB9-375585FD36FF}.Release|Any CPU.ActiveCfg = Release|Any CPU
		{A3E07406-A479-B05F-BCB9-375585FD36FF}.Release|Any CPU.Build.0 = Release|Any CPU
		{B5C1B0A7-8C3F-E797-CEB1-5B16F8D08F75}.Debug|Any CPU.ActiveCfg = Debug|Any CPU
		{B5C1B0A7-8C3F-E797-CEB1-5B16F8D08F75}.Debug|Any CPU.Build.0 = Debug|Any CPU
		{B5C1B0A7-8C3F-E797-CEB1-5B16F8D08F75}.Release|Any CPU.ActiveCfg = Release|Any CPU
		{B5C1B0A7-8C3F-E797-CEB1-5B16F8D08F75}.Release|Any CPU.Build.0 = Release|Any CPU
		{23413C88-F24E-E054-FE76-DFCDEA1C8D06}.Debug|Any CPU.ActiveCfg = Debug|Any CPU
		{23413C88-F24E-E054-FE76-DFCDEA1C8D06}.Debug|Any CPU.Build.0 = Debug|Any CPU
		{23413C88-F24E-E054-FE76-DFCDEA1C8D06}.Release|Any CPU.ActiveCfg = Release|Any CPU
		{23413C88-F24E-E054-FE76-DFCDEA1C8D06}.Release|Any CPU.Build.0 = Release|Any CPU
		{52F8F365-F179-1846-346F-0021F4F4E4E0}.Debug|Any CPU.ActiveCfg = Debug|Any CPU
		{52F8F365-F179-1846-346F-0021F4F4E4E0}.Debug|Any CPU.Build.0 = Debug|Any CPU
		{52F8F365-F179-1846-346F-0021F4F4E4E0}.Release|Any CPU.ActiveCfg = Release|Any CPU
		{52F8F365-F179-1846-346F-0021F4F4E4E0}.Release|Any CPU.Build.0 = Release|Any CPU
		{1631900A-D071-981A-A58C-B5059DED6294}.Debug|Any CPU.ActiveCfg = Debug|Any CPU
		{1631900A-D071-981A-A58C-B5059DED6294}.Debug|Any CPU.Build.0 = Debug|Any CPU
		{1631900A-D071-981A-A58C-B5059DED6294}.Release|Any CPU.ActiveCfg = Release|Any CPU
		{1631900A-D071-981A-A58C-B5059DED6294}.Release|Any CPU.Build.0 = Release|Any CPU
		{3B002E63-4D35-6063-3DF7-6448CE6C8139}.Debug|Any CPU.ActiveCfg = Debug|Any CPU
		{3B002E63-4D35-6063-3DF7-6448CE6C8139}.Debug|Any CPU.Build.0 = Debug|Any CPU
		{3B002E63-4D35-6063-3DF7-6448CE6C8139}.Release|Any CPU.ActiveCfg = Release|Any CPU
		{3B002E63-4D35-6063-3DF7-6448CE6C8139}.Release|Any CPU.Build.0 = Release|Any CPU
		{1F6D6E13-BD2E-AF7C-E97D-26BBD07CF139}.Debug|Any CPU.ActiveCfg = Debug|Any CPU
		{1F6D6E13-BD2E-AF7C-E97D-26BBD07CF139}.Debug|Any CPU.Build.0 = Debug|Any CPU
		{1F6D6E13-BD2E-AF7C-E97D-26BBD07CF139}.Release|Any CPU.ActiveCfg = Release|Any CPU
		{1F6D6E13-BD2E-AF7C-E97D-26BBD07CF139}.Release|Any CPU.Build.0 = Release|Any CPU
		{2B1AA78C-D7CF-7D5A-6C81-07683C169F1F}.Debug|Any CPU.ActiveCfg = Debug|Any CPU
		{2B1AA78C-D7CF-7D5A-6C81-07683C169F1F}.Debug|Any CPU.Build.0 = Debug|Any CPU
		{2B1AA78C-D7CF-7D5A-6C81-07683C169F1F}.Release|Any CPU.ActiveCfg = Release|Any CPU
		{2B1AA78C-D7CF-7D5A-6C81-07683C169F1F}.Release|Any CPU.Build.0 = Release|Any CPU
		{DC95FDD9-22A8-AEDF-872A-B59441DA7E02}.Debug|Any CPU.ActiveCfg = Debug|Any CPU
		{DC95FDD9-22A8-AEDF-872A-B59441DA7E02}.Debug|Any CPU.Build.0 = Debug|Any CPU
		{DC95FDD9-22A8-AEDF-872A-B59441DA7E02}.Release|Any CPU.ActiveCfg = Release|Any CPU
		{DC95FDD9-22A8-AEDF-872A-B59441DA7E02}.Release|Any CPU.Build.0 = Release|Any CPU
		{B3072F44-421C-5503-AB34-7E2BA3D6A0BB}.Debug|Any CPU.ActiveCfg = Debug|Any CPU
		{B3072F44-421C-5503-AB34-7E2BA3D6A0BB}.Debug|Any CPU.Build.0 = Debug|Any CPU
		{B3072F44-421C-5503-AB34-7E2BA3D6A0BB}.Release|Any CPU.ActiveCfg = Release|Any CPU
		{B3072F44-421C-5503-AB34-7E2BA3D6A0BB}.Release|Any CPU.Build.0 = Release|Any CPU
		{60BC4C57-6A78-D6C7-0BFD-7353005A99E6}.Debug|Any CPU.ActiveCfg = Debug|Any CPU
		{60BC4C57-6A78-D6C7-0BFD-7353005A99E6}.Debug|Any CPU.Build.0 = Debug|Any CPU
		{60BC4C57-6A78-D6C7-0BFD-7353005A99E6}.Release|Any CPU.ActiveCfg = Release|Any CPU
		{60BC4C57-6A78-D6C7-0BFD-7353005A99E6}.Release|Any CPU.Build.0 = Release|Any CPU
		{B8B66E58-3945-1E29-E5B4-6BCF2E0C5A82}.Debug|Any CPU.ActiveCfg = Debug|Any CPU
		{B8B66E58-3945-1E29-E5B4-6BCF2E0C5A82}.Debug|Any CPU.Build.0 = Debug|Any CPU
		{B8B66E58-3945-1E29-E5B4-6BCF2E0C5A82}.Release|Any CPU.ActiveCfg = Release|Any CPU
		{B8B66E58-3945-1E29-E5B4-6BCF2E0C5A82}.Release|Any CPU.Build.0 = Release|Any CPU
		{76F59E0B-EF76-8FA5-F8A0-32AB36840095}.Debug|Any CPU.ActiveCfg = Debug|Any CPU
		{76F59E0B-EF76-8FA5-F8A0-32AB36840095}.Debug|Any CPU.Build.0 = Debug|Any CPU
		{76F59E0B-EF76-8FA5-F8A0-32AB36840095}.Release|Any CPU.ActiveCfg = Release|Any CPU
		{76F59E0B-EF76-8FA5-F8A0-32AB36840095}.Release|Any CPU.Build.0 = Release|Any CPU
		{26970375-FC28-7E0F-C554-5018849BA817}.Debug|Any CPU.ActiveCfg = Debug|Any CPU
		{26970375-FC28-7E0F-C554-5018849BA817}.Debug|Any CPU.Build.0 = Debug|Any CPU
		{26970375-FC28-7E0F-C554-5018849BA817}.Release|Any CPU.ActiveCfg = Release|Any CPU
		{26970375-FC28-7E0F-C554-5018849BA817}.Release|Any CPU.Build.0 = Release|Any CPU
		{B869060E-C77B-40A3-AFD1-ECE199DC33D8}.Debug|Any CPU.ActiveCfg = Debug|Any CPU
		{B869060E-C77B-40A3-AFD1-ECE199DC33D8}.Debug|Any CPU.Build.0 = Debug|Any CPU
		{B869060E-C77B-40A3-AFD1-ECE199DC33D8}.Release|Any CPU.ActiveCfg = Release|Any CPU
		{B869060E-C77B-40A3-AFD1-ECE199DC33D8}.Release|Any CPU.Build.0 = Release|Any CPU
		{6ED21088-8BD3-A69E-009E-A44B0CBAB112}.Debug|Any CPU.ActiveCfg = Debug|Any CPU
		{6ED21088-8BD3-A69E-009E-A44B0CBAB112}.Debug|Any CPU.Build.0 = Debug|Any CPU
		{6ED21088-8BD3-A69E-009E-A44B0CBAB112}.Release|Any CPU.ActiveCfg = Release|Any CPU
		{6ED21088-8BD3-A69E-009E-A44B0CBAB112}.Release|Any CPU.Build.0 = Release|Any CPU
		{27C8631D-970A-FA0E-977A-52F2BD3C3604}.Debug|Any CPU.ActiveCfg = Debug|Any CPU
		{27C8631D-970A-FA0E-977A-52F2BD3C3604}.Debug|Any CPU.Build.0 = Debug|Any CPU
		{27C8631D-970A-FA0E-977A-52F2BD3C3604}.Release|Any CPU.ActiveCfg = Release|Any CPU
		{27C8631D-970A-FA0E-977A-52F2BD3C3604}.Release|Any CPU.Build.0 = Release|Any CPU
		{2990CD38-42AB-8175-7EE3-A48864F0EDE1}.Debug|Any CPU.ActiveCfg = Debug|Any CPU
		{2990CD38-42AB-8175-7EE3-A48864F0EDE1}.Debug|Any CPU.Build.0 = Debug|Any CPU
		{2990CD38-42AB-8175-7EE3-A48864F0EDE1}.Release|Any CPU.ActiveCfg = Release|Any CPU
		{2990CD38-42AB-8175-7EE3-A48864F0EDE1}.Release|Any CPU.Build.0 = Release|Any CPU
		{71791A46-9010-7AFE-3CC9-2D329748476D}.Debug|Any CPU.ActiveCfg = Debug|Any CPU
		{71791A46-9010-7AFE-3CC9-2D329748476D}.Debug|Any CPU.Build.0 = Debug|Any CPU
		{71791A46-9010-7AFE-3CC9-2D329748476D}.Release|Any CPU.ActiveCfg = Release|Any CPU
		{71791A46-9010-7AFE-3CC9-2D329748476D}.Release|Any CPU.Build.0 = Release|Any CPU
		{4FF1510F-F08F-393A-D783-0AF46D03BEA6}.Debug|Any CPU.ActiveCfg = Debug|Any CPU
		{4FF1510F-F08F-393A-D783-0AF46D03BEA6}.Debug|Any CPU.Build.0 = Debug|Any CPU
		{4FF1510F-F08F-393A-D783-0AF46D03BEA6}.Release|Any CPU.ActiveCfg = Release|Any CPU
		{4FF1510F-F08F-393A-D783-0AF46D03BEA6}.Release|Any CPU.Build.0 = Release|Any CPU
		{BAD32DEE-5AB7-01BD-C400-29C7DB87FBC8}.Debug|Any CPU.ActiveCfg = Debug|Any CPU
		{BAD32DEE-5AB7-01BD-C400-29C7DB87FBC8}.Debug|Any CPU.Build.0 = Debug|Any CPU
		{BAD32DEE-5AB7-01BD-C400-29C7DB87FBC8}.Release|Any CPU.ActiveCfg = Release|Any CPU
		{BAD32DEE-5AB7-01BD-C400-29C7DB87FBC8}.Release|Any CPU.Build.0 = Release|Any CPU
		{A4DB24C4-62D0-BEAD-A4B1-0A03A727FA49}.Debug|Any CPU.ActiveCfg = Debug|Any CPU
		{A4DB24C4-62D0-BEAD-A4B1-0A03A727FA49}.Debug|Any CPU.Build.0 = Debug|Any CPU
		{A4DB24C4-62D0-BEAD-A4B1-0A03A727FA49}.Release|Any CPU.ActiveCfg = Release|Any CPU
		{A4DB24C4-62D0-BEAD-A4B1-0A03A727FA49}.Release|Any CPU.Build.0 = Release|Any CPU
		{F8D66EB6-9B77-30B7-297F-FC1C5E502E20}.Debug|Any CPU.ActiveCfg = Debug|Any CPU
		{F8D66EB6-9B77-30B7-297F-FC1C5E502E20}.Debug|Any CPU.Build.0 = Debug|Any CPU
		{F8D66EB6-9B77-30B7-297F-FC1C5E502E20}.Release|Any CPU.ActiveCfg = Release|Any CPU
		{F8D66EB6-9B77-30B7-297F-FC1C5E502E20}.Release|Any CPU.Build.0 = Release|Any CPU
		{8BB842CF-B71A-CDEA-6057-3BDF12E5AC00}.Debug|Any CPU.ActiveCfg = Debug|Any CPU
		{8BB842CF-B71A-CDEA-6057-3BDF12E5AC00}.Debug|Any CPU.Build.0 = Debug|Any CPU
		{8BB842CF-B71A-CDEA-6057-3BDF12E5AC00}.Release|Any CPU.ActiveCfg = Release|Any CPU
		{8BB842CF-B71A-CDEA-6057-3BDF12E5AC00}.Release|Any CPU.Build.0 = Release|Any CPU
		{AAEB78C3-6052-33B4-F393-23F36EC47A52}.Debug|Any CPU.ActiveCfg = Debug|Any CPU
		{AAEB78C3-6052-33B4-F393-23F36EC47A52}.Debug|Any CPU.Build.0 = Debug|Any CPU
		{AAEB78C3-6052-33B4-F393-23F36EC47A52}.Release|Any CPU.ActiveCfg = Release|Any CPU
		{AAEB78C3-6052-33B4-F393-23F36EC47A52}.Release|Any CPU.Build.0 = Release|Any CPU
		{3DCB9B97-08FB-7ECC-CB93-24A1F1E1835F}.Debug|Any CPU.ActiveCfg = Debug|Any CPU
		{3DCB9B97-08FB-7ECC-CB93-24A1F1E1835F}.Debug|Any CPU.Build.0 = Debug|Any CPU
		{3DCB9B97-08FB-7ECC-CB93-24A1F1E1835F}.Release|Any CPU.ActiveCfg = Release|Any CPU
		{3DCB9B97-08FB-7ECC-CB93-24A1F1E1835F}.Release|Any CPU.Build.0 = Release|Any CPU
		{6E11098A-06D4-F8EA-A6C9-C9D9580FD8CA}.Debug|Any CPU.ActiveCfg = Debug|Any CPU
		{6E11098A-06D4-F8EA-A6C9-C9D9580FD8CA}.Debug|Any CPU.Build.0 = Debug|Any CPU
		{6E11098A-06D4-F8EA-A6C9-C9D9580FD8CA}.Release|Any CPU.ActiveCfg = Release|Any CPU
		{6E11098A-06D4-F8EA-A6C9-C9D9580FD8CA}.Release|Any CPU.Build.0 = Release|Any CPU
		{2B025493-D34F-AEA1-8354-0C2F10CD7395}.Debug|Any CPU.ActiveCfg = Debug|Any CPU
		{2B025493-D34F-AEA1-8354-0C2F10CD7395}.Debug|Any CPU.Build.0 = Debug|Any CPU
		{2B025493-D34F-AEA1-8354-0C2F10CD7395}.Release|Any CPU.ActiveCfg = Release|Any CPU
		{2B025493-D34F-AEA1-8354-0C2F10CD7395}.Release|Any CPU.Build.0 = Release|Any CPU
		{9DB27632-6AA7-F9A2-A030-A9F5AEB9B8B2}.Debug|Any CPU.ActiveCfg = Debug|Any CPU
		{9DB27632-6AA7-F9A2-A030-A9F5AEB9B8B2}.Debug|Any CPU.Build.0 = Debug|Any CPU
		{9DB27632-6AA7-F9A2-A030-A9F5AEB9B8B2}.Release|Any CPU.ActiveCfg = Release|Any CPU
		{9DB27632-6AA7-F9A2-A030-A9F5AEB9B8B2}.Release|Any CPU.Build.0 = Release|Any CPU
		{99185ABE-ED06-184E-49B8-7DBA2EF92343}.Debug|Any CPU.ActiveCfg = Debug|Any CPU
		{99185ABE-ED06-184E-49B8-7DBA2EF92343}.Debug|Any CPU.Build.0 = Debug|Any CPU
		{99185ABE-ED06-184E-49B8-7DBA2EF92343}.Release|Any CPU.ActiveCfg = Release|Any CPU
		{99185ABE-ED06-184E-49B8-7DBA2EF92343}.Release|Any CPU.Build.0 = Release|Any CPU
		{5E53A3E5-7AC2-F962-637A-39246B868D4C}.Debug|Any CPU.ActiveCfg = Debug|Any CPU
		{5E53A3E5-7AC2-F962-637A-39246B868D4C}.Debug|Any CPU.Build.0 = Debug|Any CPU
		{5E53A3E5-7AC2-F962-637A-39246B868D4C}.Release|Any CPU.ActiveCfg = Release|Any CPU
		{5E53A3E5-7AC2-F962-637A-39246B868D4C}.Release|Any CPU.Build.0 = Release|Any CPU
		{330003B3-A4C3-8B15-7275-88AB3284F5D1}.Debug|Any CPU.ActiveCfg = Debug|Any CPU
		{330003B3-A4C3-8B15-7275-88AB3284F5D1}.Debug|Any CPU.Build.0 = Debug|Any CPU
		{330003B3-A4C3-8B15-7275-88AB3284F5D1}.Release|Any CPU.ActiveCfg = Release|Any CPU
		{330003B3-A4C3-8B15-7275-88AB3284F5D1}.Release|Any CPU.Build.0 = Release|Any CPU
		{F0533AAB-06BB-C654-DDE5-A02D308A0670}.Debug|Any CPU.ActiveCfg = Debug|Any CPU
		{F0533AAB-06BB-C654-DDE5-A02D308A0670}.Debug|Any CPU.Build.0 = Debug|Any CPU
		{F0533AAB-06BB-C654-DDE5-A02D308A0670}.Release|Any CPU.ActiveCfg = Release|Any CPU
		{F0533AAB-06BB-C654-DDE5-A02D308A0670}.Release|Any CPU.Build.0 = Release|Any CPU
		{C80E4C27-6757-9D7B-2C9A-80B890CB4470}.Debug|Any CPU.ActiveCfg = Debug|Any CPU
		{C80E4C27-6757-9D7B-2C9A-80B890CB4470}.Debug|Any CPU.Build.0 = Debug|Any CPU
		{C80E4C27-6757-9D7B-2C9A-80B890CB4470}.Release|Any CPU.ActiveCfg = Release|Any CPU
		{C80E4C27-6757-9D7B-2C9A-80B890CB4470}.Release|Any CPU.Build.0 = Release|Any CPU
		{EA35276A-F12D-7B11-5762-5BB5F824ED39}.Debug|Any CPU.ActiveCfg = Debug|Any CPU
		{EA35276A-F12D-7B11-5762-5BB5F824ED39}.Debug|Any CPU.Build.0 = Debug|Any CPU
		{EA35276A-F12D-7B11-5762-5BB5F824ED39}.Release|Any CPU.ActiveCfg = Release|Any CPU
		{EA35276A-F12D-7B11-5762-5BB5F824ED39}.Release|Any CPU.Build.0 = Release|Any CPU
		{765E474B-16C8-9938-A46A-E867A6A3AB56}.Debug|Any CPU.ActiveCfg = Debug|Any CPU
		{765E474B-16C8-9938-A46A-E867A6A3AB56}.Debug|Any CPU.Build.0 = Debug|Any CPU
		{765E474B-16C8-9938-A46A-E867A6A3AB56}.Release|Any CPU.ActiveCfg = Release|Any CPU
		{765E474B-16C8-9938-A46A-E867A6A3AB56}.Release|Any CPU.Build.0 = Release|Any CPU
		{EB22E70E-494D-37EF-35DB-D3F0756CCBC2}.Debug|Any CPU.ActiveCfg = Debug|Any CPU
		{EB22E70E-494D-37EF-35DB-D3F0756CCBC2}.Debug|Any CPU.Build.0 = Debug|Any CPU
		{EB22E70E-494D-37EF-35DB-D3F0756CCBC2}.Release|Any CPU.ActiveCfg = Release|Any CPU
		{EB22E70E-494D-37EF-35DB-D3F0756CCBC2}.Release|Any CPU.Build.0 = Release|Any CPU
		{C1D692BF-A587-8ABD-25B2-3A56C6CE8764}.Debug|Any CPU.ActiveCfg = Debug|Any CPU
		{C1D692BF-A587-8ABD-25B2-3A56C6CE8764}.Debug|Any CPU.Build.0 = Debug|Any CPU
		{C1D692BF-A587-8ABD-25B2-3A56C6CE8764}.Release|Any CPU.ActiveCfg = Release|Any CPU
		{C1D692BF-A587-8ABD-25B2-3A56C6CE8764}.Release|Any CPU.Build.0 = Release|Any CPU
		{7C5402FB-1F2A-7FF3-4BDE-EF941BCF17AA}.Debug|Any CPU.ActiveCfg = Debug|Any CPU
		{7C5402FB-1F2A-7FF3-4BDE-EF941BCF17AA}.Debug|Any CPU.Build.0 = Debug|Any CPU
		{7C5402FB-1F2A-7FF3-4BDE-EF941BCF17AA}.Release|Any CPU.ActiveCfg = Release|Any CPU
		{7C5402FB-1F2A-7FF3-4BDE-EF941BCF17AA}.Release|Any CPU.Build.0 = Release|Any CPU
		{F733F6AB-CDA3-7976-87F6-73AB9E987902}.Debug|Any CPU.ActiveCfg = Debug|Any CPU
		{F733F6AB-CDA3-7976-87F6-73AB9E987902}.Debug|Any CPU.Build.0 = Debug|Any CPU
		{F733F6AB-CDA3-7976-87F6-73AB9E987902}.Release|Any CPU.ActiveCfg = Release|Any CPU
		{F733F6AB-CDA3-7976-87F6-73AB9E987902}.Release|Any CPU.Build.0 = Release|Any CPU
		{2C1443F5-A4C5-8107-2E78-77DA0342EC4D}.Debug|Any CPU.ActiveCfg = Debug|Any CPU
		{2C1443F5-A4C5-8107-2E78-77DA0342EC4D}.Debug|Any CPU.Build.0 = Debug|Any CPU
		{2C1443F5-A4C5-8107-2E78-77DA0342EC4D}.Release|Any CPU.ActiveCfg = Release|Any CPU
		{2C1443F5-A4C5-8107-2E78-77DA0342EC4D}.Release|Any CPU.Build.0 = Release|Any CPU
		{48A4F6E0-4BA3-B9A2-74DC-8D8508AFC646}.Debug|Any CPU.ActiveCfg = Debug|Any CPU
		{48A4F6E0-4BA3-B9A2-74DC-8D8508AFC646}.Debug|Any CPU.Build.0 = Debug|Any CPU
		{48A4F6E0-4BA3-B9A2-74DC-8D8508AFC646}.Release|Any CPU.ActiveCfg = Release|Any CPU
		{48A4F6E0-4BA3-B9A2-74DC-8D8508AFC646}.Release|Any CPU.Build.0 = Release|Any CPU
		{41E81B18-2F01-72B3-5D48-925ED5E0B283}.Debug|Any CPU.ActiveCfg = Debug|Any CPU
		{41E81B18-2F01-72B3-5D48-925ED5E0B283}.Debug|Any CPU.Build.0 = Debug|Any CPU
		{41E81B18-2F01-72B3-5D48-925ED5E0B283}.Release|Any CPU.ActiveCfg = Release|Any CPU
		{41E81B18-2F01-72B3-5D48-925ED5E0B283}.Release|Any CPU.Build.0 = Release|Any CPU
		{83942F42-6DD1-5061-6DE7-542BC112DB58}.Debug|Any CPU.ActiveCfg = Debug|Any CPU
		{83942F42-6DD1-5061-6DE7-542BC112DB58}.Debug|Any CPU.Build.0 = Debug|Any CPU
		{83942F42-6DD1-5061-6DE7-542BC112DB58}.Release|Any CPU.ActiveCfg = Release|Any CPU
		{83942F42-6DD1-5061-6DE7-542BC112DB58}.Release|Any CPU.Build.0 = Release|Any CPU
		{FAA60674-C8C7-0963-7339-2AA50E00B34F}.Debug|Any CPU.ActiveCfg = Debug|Any CPU
		{FAA60674-C8C7-0963-7339-2AA50E00B34F}.Debug|Any CPU.Build.0 = Debug|Any CPU
		{FAA60674-C8C7-0963-7339-2AA50E00B34F}.Release|Any CPU.ActiveCfg = Release|Any CPU
		{FAA60674-C8C7-0963-7339-2AA50E00B34F}.Release|Any CPU.Build.0 = Release|Any CPU
	EndGlobalSection
	GlobalSection(SolutionProperties) = preSolution
		HideSolutionNode = FALSE
	EndGlobalSection
EndGlobal
